
Microsoft Visual Studio Solution File, Format Version 12.00
# Visual Studio 15
VisualStudioVersion = 15.0.27004.2002
MinimumVisualStudioVersion = 10.0.40219.1
Project("{8BC9CEB8-8B4A-11D0-8D11-00A0C91BC942}") = "Escort", "Escort\Escort.vcxproj", "{093B6EF1-24D1-417F-B8A3-8A2D706D8840}"
EndProject
Global
	GlobalSection(SolutionConfigurationPlatforms) = preSolution
		Debug|x64 = Debug|x64
		Debug|x86 = Debug|x86
		Release|x64 = Release|x64
		Release|x86 = Release|x86
	EndGlobalSection
	GlobalSection(ProjectConfigurationPlatforms) = postSolution
		{093B6EF1-24D1-417F-B8A3-8A2D706D8840}.Debug|x64.ActiveCfg = Debug|Win32
		{093B6EF1-24D1-417F-B8A3-8A2D706D8840}.Debug|x64.Build.0 = Debug|Win32
		{093B6EF1-24D1-417F-B8A3-8A2D706D8840}.Debug|x86.ActiveCfg = Debug|Win32
		{093B6EF1-24D1-417F-B8A3-8A2D706D8840}.Debug|x86.Build.0 = Debug|Win32
		{093B6EF1-24D1-417F-B8A3-8A2D706D8840}.Release|x64.ActiveCfg = Release|Win32
		{093B6EF1-24D1-417F-B8A3-8A2D706D8840}.Release|x64.Build.0 = Release|Win32
		{093B6EF1-24D1-417F-B8A3-8A2D706D8840}.Release|x86.ActiveCfg = Release|Win32
		{093B6EF1-24D1-417F-B8A3-8A2D706D8840}.Release|x86.Build.0 = Release|Win32
	EndGlobalSection
	GlobalSection(SolutionProperties) = preSolution
		HideSolutionNode = FALSE
	EndGlobalSection
	GlobalSection(ExtensibilityGlobals) = postSolution
		SolutionGuid = {5B210879-3A96-426A-9D40-8244D078F5C3}
	EndGlobalSection
EndGlobal
